
Microsoft Visual Studio Solution File, Format Version 12.00
# Visual Studio 15
VisualStudioVersion = 15.0.28307.705
MinimumVisualStudioVersion = 10.0.40219.1
Project("{FAE04EC0-301F-11D3-BF4B-00C04F79EFBC}") = "ProRestaurante", "ProRestaurante\ProRestaurante.csproj", "{58AF0CE2-51EA-4753-937C-A88A8A78DD37}"
EndProject
Global
	GlobalSection(SolutionConfigurationPlatforms) = preSolution
		Debug|Any CPU = Debug|Any CPU
		Release|Any CPU = Release|Any CPU
	EndGlobalSection
	GlobalSection(ProjectConfigurationPlatforms) = postSolution
		{58AF0CE2-51EA-4753-937C-A88A8A78DD37}.Debug|Any CPU.ActiveCfg = Debug|Any CPU
		{58AF0CE2-51EA-4753-937C-A88A8A78DD37}.Debug|Any CPU.Build.0 = Debug|Any CPU
		{58AF0CE2-51EA-4753-937C-A88A8A78DD37}.Release|Any CPU.ActiveCfg = Release|Any CPU
		{58AF0CE2-51EA-4753-937C-A88A8A78DD37}.Release|Any CPU.Build.0 = Release|Any CPU
	EndGlobalSection
	GlobalSection(SolutionProperties) = preSolution
		HideSolutionNode = FALSE
	EndGlobalSection
	GlobalSection(ExtensibilityGlobals) = postSolution
		SolutionGuid = {14C5810D-84F3-426B-BA3A-12E13A3ED78E}
	EndGlobalSection
EndGlobal
